
Microsoft Visual Studio Solution File, Format Version 12.00
# Visual Studio Version 17
VisualStudioVersion = 17.0.31903.59
MinimumVisualStudioVersion = 10.0.40219.1
Project("{2150E333-8FDC-42A3-9474-1A3956D46DE8}") = "src", "src", "{4195978E-F07B-40C9-9CF7-9E5F7247FF02}"
EndProject
Project("{FAE04EC0-301F-11D3-BF4B-00C04F79EFBC}") = "netcore-docx", "src\docx\netcore-docx.csproj", "{45C5450F-4B00-4544-BD2C-A610B7360961}"
EndProject
Project("{2150E333-8FDC-42A3-9474-1A3956D46DE8}") = "examples", "examples", "{2347E6D7-7B7C-4B94-9334-393994887AB8}"
EndProject
Project("{FAE04EC0-301F-11D3-BF4B-00C04F79EFBC}") = "0001", "src\examples\0001\0001.csproj", "{560A5752-9A5F-463E-8C5B-050096EC59CE}"
EndProject
Project("{FAE04EC0-301F-11D3-BF4B-00C04F79EFBC}") = "sampledocs", "src\sampledocs\sampledocs.csproj", "{DBCFFBE3-0870-4452-84EF-ED6DEAC81484}"
EndProject
Project("{FAE04EC0-301F-11D3-BF4B-00C04F79EFBC}") = "test", "src\test\test.csproj", "{46A84B4C-A1A4-40BC-AB71-171768448427}"
EndProject
Global
	GlobalSection(SolutionConfigurationPlatforms) = preSolution
		Debug|Any CPU = Debug|Any CPU
		Release|Any CPU = Release|Any CPU
	EndGlobalSection
	GlobalSection(SolutionProperties) = preSolution
		HideSolutionNode = FALSE
	EndGlobalSection
	GlobalSection(ProjectConfigurationPlatforms) = postSolution
		{45C5450F-4B00-4544-BD2C-A610B7360961}.Debug|Any CPU.ActiveCfg = Debug|Any CPU
		{45C5450F-4B00-4544-BD2C-A610B7360961}.Debug|Any CPU.Build.0 = Debug|Any CPU
		{45C5450F-4B00-4544-BD2C-A610B7360961}.Release|Any CPU.ActiveCfg = Release|Any CPU
		{45C5450F-4B00-4544-BD2C-A610B7360961}.Release|Any CPU.Build.0 = Release|Any CPU
		{560A5752-9A5F-463E-8C5B-050096EC59CE}.Debug|Any CPU.ActiveCfg = Debug|Any CPU
		{560A5752-9A5F-463E-8C5B-050096EC59CE}.Debug|Any CPU.Build.0 = Debug|Any CPU
		{560A5752-9A5F-463E-8C5B-050096EC59CE}.Release|Any CPU.ActiveCfg = Release|Any CPU
		{560A5752-9A5F-463E-8C5B-050096EC59CE}.Release|Any CPU.Build.0 = Release|Any CPU
		{DBCFFBE3-0870-4452-84EF-ED6DEAC81484}.Debug|Any CPU.ActiveCfg = Debug|Any CPU
		{DBCFFBE3-0870-4452-84EF-ED6DEAC81484}.Debug|Any CPU.Build.0 = Debug|Any CPU
		{DBCFFBE3-0870-4452-84EF-ED6DEAC81484}.Release|Any CPU.ActiveCfg = Release|Any CPU
		{DBCFFBE3-0870-4452-84EF-ED6DEAC81484}.Release|Any CPU.Build.0 = Release|Any CPU
		{46A84B4C-A1A4-40BC-AB71-171768448427}.Debug|Any CPU.ActiveCfg = Debug|Any CPU
		{46A84B4C-A1A4-40BC-AB71-171768448427}.Debug|Any CPU.Build.0 = Debug|Any CPU
		{46A84B4C-A1A4-40BC-AB71-171768448427}.Release|Any CPU.ActiveCfg = Release|Any CPU
		{46A84B4C-A1A4-40BC-AB71-171768448427}.Release|Any CPU.Build.0 = Release|Any CPU
	EndGlobalSection
	GlobalSection(NestedProjects) = preSolution
		{45C5450F-4B00-4544-BD2C-A610B7360961} = {4195978E-F07B-40C9-9CF7-9E5F7247FF02}
		{2347E6D7-7B7C-4B94-9334-393994887AB8} = {4195978E-F07B-40C9-9CF7-9E5F7247FF02}
		{560A5752-9A5F-463E-8C5B-050096EC59CE} = {2347E6D7-7B7C-4B94-9334-393994887AB8}
		{DBCFFBE3-0870-4452-84EF-ED6DEAC81484} = {4195978E-F07B-40C9-9CF7-9E5F7247FF02}
		{46A84B4C-A1A4-40BC-AB71-171768448427} = {4195978E-F07B-40C9-9CF7-9E5F7247FF02}
	EndGlobalSection
EndGlobal
